
Microsoft Visual Studio Solution File, Format Version 12.00
# Visual Studio Version 17
VisualStudioVersion = 17.12.35309.182
MinimumVisualStudioVersion = 10.0.40219.1
Project("{2150E333-8FDC-42A3-9474-1A3956D46DE8}") = "Task0", "Task0", "{BF132317-4069-4308-96A3-21D4A443BCB1}"
EndProject
Project("{2150E333-8FDC-42A3-9474-1A3956D46DE8}") = "Task1", "Task1", "{75F8CA5A-0E68-4CB7-B6D0-94A1215946A5}"
EndProject
Project("{2150E333-8FDC-42A3-9474-1A3956D46DE8}") = "Task2", "Task2", "{5B1EAB31-F40B-4C09-B8C4-DAC5C3ACC048}"
EndProject
Project("{2150E333-8FDC-42A3-9474-1A3956D46DE8}") = "Task3", "Task3", "{15F2D360-3D36-4528-B346-F84AABDA15EE}"
EndProject
Project("{2150E333-8FDC-42A3-9474-1A3956D46DE8}") = "Task4", "Task4", "{B2AB7E51-DB5B-4F85-9B5F-85C2FD9E3656}"
EndProject
Project("{2150E333-8FDC-42A3-9474-1A3956D46DE8}") = "Task5", "Task5", "{C367E3C4-2512-43FD-9D7C-E97EFBB95361}"
EndProject
Project("{2150E333-8FDC-42A3-9474-1A3956D46DE8}") = "Task6", "Task6", "{54EB0B60-4EA7-4713-9FB5-9F64F531A781}"
EndProject
Project("{2150E333-8FDC-42A3-9474-1A3956D46DE8}") = "Task7", "Task7", "{07478114-F479-4D6C-8E42-2218AF40466E}"
EndProject
Project("{FAE04EC0-301F-11D3-BF4B-00C04F79EFBC}") = "Tyuiu.AkhmetovRR.Sprint0.Task0.V1", "Tyuiu.AkhmetovRR.Sprint0.Task0.V1\Tyuiu.AkhmetovRR.Sprint0.Task0.V1.csproj", "{99030185-20BA-454D-8D13-B884EEF05BA9}"
EndProject
Project("{FAE04EC0-301F-11D3-BF4B-00C04F79EFBC}") = "Tyuiu.AkhmetovRR.Sprint0.Task1.V1", "Tyuiu.AkhmetovRR.Sprint0.Task1.V1\Tyuiu.AkhmetovRR.Sprint0.Task1.V1.csproj", "{60FE3BB2-1E72-47F1-B83A-6DA80083585F}"
EndProject
Project("{FAE04EC0-301F-11D3-BF4B-00C04F79EFBC}") = "Tyuiu.AkhmetovRR.Sprint0.Task2.V0", "Tyuiu.AkhmetovRR.Sprint0.Task2.V0\Tyuiu.AkhmetovRR.Sprint0.Task2.V0.csproj", "{391F1CBC-0FFD-414E-BCD2-9BDE16EA6AEA}"
EndProject
Project("{FAE04EC0-301F-11D3-BF4B-00C04F79EFBC}") = "Tyuiu.AkhmetovRR.Sprint0.Task2.V1.Lib", "Tyuiu.AkhmetovRR.Sprint0.Task2.V1.Lib\Tyuiu.AkhmetovRR.Sprint0.Task2.V1.Lib.csproj", "{AA24696B-8428-4293-B440-D67C4B4FFD14}"
EndProject
Project("{FAE04EC0-301F-11D3-BF4B-00C04F79EFBC}") = "Tyuiu.AkhmetovRR.Sprint0.Task2.V1.Test", "Tyuiu.AkhmetovRR.Sprint0.Task2.V1.Test\Tyuiu.AkhmetovRR.Sprint0.Task2.V1.Test.csproj", "{64706FD8-CD85-4EE8-802B-52FBD01B0BF3}"
EndProject
Project("{FAE04EC0-301F-11D3-BF4B-00C04F79EFBC}") = "Tyuiu.AkhmetovRR.Sprint0.Task3.V1", "Tyuiu.AkhmetovRR.Sprint0.Task3.V1\Tyuiu.AkhmetovRR.Sprint0.Task3.V1.csproj", "{8672F3ED-2812-475C-8583-3ED4DF80B722}"
EndProject
Project("{FAE04EC0-301F-11D3-BF4B-00C04F79EFBC}") = "Tyuiu.AkhmetovRR.Sprint0.Task3.V1.Lib", "Tyuiu.AkhmetovRR.Sprint0.Task3.V1.Lib\Tyuiu.AkhmetovRR.Sprint0.Task3.V1.Lib.csproj", "{3BFC500C-A585-4C3B-AEFE-8C66E8E5FBF9}"
EndProject
Project("{FAE04EC0-301F-11D3-BF4B-00C04F79EFBC}") = "Tyuiu.AkhmetovRR.Sprint0.Task3.V1.Test", "Tyuiu.AkhmetovRR.Sprint0.Task3.V1.Test\Tyuiu.AkhmetovRR.Sprint0.Task3.V1.Test.csproj", "{02BFC892-5269-4093-8677-FC8002E27584}"
EndProject
Project("{FAE04EC0-301F-11D3-BF4B-00C04F79EFBC}") = "Tyuiu.AkhmetovRR.Sprint0.Task4.V1", "Tyuiu.AkhmetovRR.Sprint0.Task4.V1\Tyuiu.AkhmetovRR.Sprint0.Task4.V1.csproj", "{990BBECA-5881-44DA-87D9-7E4FC3880945}"
EndProject
Project("{FAE04EC0-301F-11D3-BF4B-00C04F79EFBC}") = "Tyuiu.AkhmetovRR.Sprint0.Task4.V1.Lib", "Tyuiu.AkhmetovRR.Sprint0.Task4.V1.Lib\Tyuiu.AkhmetovRR.Sprint0.Task4.V1.Lib.csproj", "{813AFDCF-5B35-4AF1-9CBF-DE4FEA807A9C}"
EndProject
Project("{FAE04EC0-301F-11D3-BF4B-00C04F79EFBC}") = "Tyuiu.AkhmetovRR.Sprint0.Task4.V1.Test", "Tyuiu.AkhmetovRR.Sprint0.Task4.V1.Test\Tyuiu.AkhmetovRR.Sprint0.Task4.V1.Test.csproj", "{5A3423D8-0C80-42BC-9772-02C75E7C86C8}"
EndProject
Project("{FAE04EC0-301F-11D3-BF4B-00C04F79EFBC}") = "Tyuiu.AkhmetovRR.Sprint0.Task5.V1", "Tyuiu.AkhmetovRR.Sprint0.Task5.V1\Tyuiu.AkhmetovRR.Sprint0.Task5.V1.csproj", "{B1E15A92-749B-4164-AC55-E9C53BDFE448}"
EndProject
Project("{FAE04EC0-301F-11D3-BF4B-00C04F79EFBC}") = "Tyuiu.AkhmetovRR.Sprint0.Task5.V1.Lib", "Tyuiu.AkhmetovRR.Sprint0.Task5.V1.Lib\Tyuiu.AkhmetovRR.Sprint0.Task5.V1.Lib.csproj", "{E199A762-71A3-4045-9372-CF7ED65AC6AD}"
EndProject
Project("{FAE04EC0-301F-11D3-BF4B-00C04F79EFBC}") = "Tyuiu.AkhmetovRR.Sprint0.Task5.V1.Test", "Tyuiu.AkhmetovRR.Sprint0.Task5.V1.Test\Tyuiu.AkhmetovRR.Sprint0.Task5.V1.Test.csproj", "{B0780F05-2751-4FCA-A82A-A4816CE1BAAD}"
EndProject
Project("{FAE04EC0-301F-11D3-BF4B-00C04F79EFBC}") = "Tyuiu.AkhmetovRR.Sprint0.Task6.V1", "Tyuiu.AkhmetovRR.Sprint0.Task6.V1\Tyuiu.AkhmetovRR.Sprint0.Task6.V1.csproj", "{657011C5-3B1B-410A-AA62-F48E29C05B11}"
EndProject
Project("{FAE04EC0-301F-11D3-BF4B-00C04F79EFBC}") = "Tyuiu.AkhmetovRR.Sprint0.Task6.V1.Lib", "Tyuiu.AkhmetovRR.Sprint0.Task6.V1.Lib\Tyuiu.AkhmetovRR.Sprint0.Task6.V1.Lib.csproj", "{8A6A0BBB-B106-4DDF-835C-EDC6D15DA414}"
EndProject
Project("{FAE04EC0-301F-11D3-BF4B-00C04F79EFBC}") = "Tyuiu.AkhmetovRR.Sprint0.Task6.V1.Test", "Tyuiu.AkhmetovRR.Sprint0.Task6.V1.Test\Tyuiu.AkhmetovRR.Sprint0.Task6.V1.Test.csproj", "{6AE257C8-8B4A-49C0-B0FF-956F4CFCC160}"
EndProject
Project("{FAE04EC0-301F-11D3-BF4B-00C04F79EFBC}") = "Tyuiu.AkhmetovRR.Sprint0.Task7.V1", "Tyuiu.AkhmetovRR.Sprint0.Task7.V1\Tyuiu.AkhmetovRR.Sprint0.Task7.V1.csproj", "{C457D13E-FBEC-4B92-99A7-2E488857BD5F}"
EndProject
Project("{FAE04EC0-301F-11D3-BF4B-00C04F79EFBC}") = "Tyuiu.AkhmetovRR.Sprint0.Task7.V1.Lib", "Tyuiu.AkhmetovRR.Sprint0.Task7.V1.Lib\Tyuiu.AkhmetovRR.Sprint0.Task7.V1.Lib.csproj", "{1270350A-DB2C-4252-87A1-DADD1E5E5810}"
EndProject
Project("{FAE04EC0-301F-11D3-BF4B-00C04F79EFBC}") = "Tyuiu.AkhmetovRR.Sprint0.Task7.V1.Test", "Tyuiu.AkhmetovRR.Sprint0.Task7.V1.Test\Tyuiu.AkhmetovRR.Sprint0.Task7.V1.Test.csproj", "{2E7AAAC5-EABA-483C-8A2A-CF6BEC6F046E}"
EndProject
Global
	GlobalSection(SolutionConfigurationPlatforms) = preSolution
		Debug|Any CPU = Debug|Any CPU
		Release|Any CPU = Release|Any CPU
	EndGlobalSection
	GlobalSection(ProjectConfigurationPlatforms) = postSolution
		{99030185-20BA-454D-8D13-B884EEF05BA9}.Debug|Any CPU.ActiveCfg = Debug|Any CPU
		{99030185-20BA-454D-8D13-B884EEF05BA9}.Debug|Any CPU.Build.0 = Debug|Any CPU
		{99030185-20BA-454D-8D13-B884EEF05BA9}.Release|Any CPU.ActiveCfg = Release|Any CPU
		{99030185-20BA-454D-8D13-B884EEF05BA9}.Release|Any CPU.Build.0 = Release|Any CPU
		{60FE3BB2-1E72-47F1-B83A-6DA80083585F}.Debug|Any CPU.ActiveCfg = Debug|Any CPU
		{60FE3BB2-1E72-47F1-B83A-6DA80083585F}.Debug|Any CPU.Build.0 = Debug|Any CPU
		{60FE3BB2-1E72-47F1-B83A-6DA80083585F}.Release|Any CPU.ActiveCfg = Release|Any CPU
		{60FE3BB2-1E72-47F1-B83A-6DA80083585F}.Release|Any CPU.Build.0 = Release|Any CPU
		{391F1CBC-0FFD-414E-BCD2-9BDE16EA6AEA}.Debug|Any CPU.ActiveCfg = Debug|Any CPU
		{391F1CBC-0FFD-414E-BCD2-9BDE16EA6AEA}.Debug|Any CPU.Build.0 = Debug|Any CPU
		{391F1CBC-0FFD-414E-BCD2-9BDE16EA6AEA}.Release|Any CPU.ActiveCfg = Release|Any CPU
		{391F1CBC-0FFD-414E-BCD2-9BDE16EA6AEA}.Release|Any CPU.Build.0 = Release|Any CPU
		{AA24696B-8428-4293-B440-D67C4B4FFD14}.Debug|Any CPU.ActiveCfg = Debug|Any CPU
		{AA24696B-8428-4293-B440-D67C4B4FFD14}.Debug|Any CPU.Build.0 = Debug|Any CPU
		{AA24696B-8428-4293-B440-D67C4B4FFD14}.Release|Any CPU.ActiveCfg = Release|Any CPU
		{AA24696B-8428-4293-B440-D67C4B4FFD14}.Release|Any CPU.Build.0 = Release|Any CPU
		{64706FD8-CD85-4EE8-802B-52FBD01B0BF3}.Debug|Any CPU.ActiveCfg = Debug|Any CPU
		{64706FD8-CD85-4EE8-802B-52FBD01B0BF3}.Debug|Any CPU.Build.0 = Debug|Any CPU
		{64706FD8-CD85-4EE8-802B-52FBD01B0BF3}.Release|Any CPU.ActiveCfg = Release|Any CPU
		{64706FD8-CD85-4EE8-802B-52FBD01B0BF3}.Release|Any CPU.Build.0 = Release|Any CPU
		{8672F3ED-2812-475C-8583-3ED4DF80B722}.Debug|Any CPU.ActiveCfg = Debug|Any CPU
		{8672F3ED-2812-475C-8583-3ED4DF80B722}.Debug|Any CPU.Build.0 = Debug|Any CPU
		{8672F3ED-2812-475C-8583-3ED4DF80B722}.Release|Any CPU.ActiveCfg = Release|Any CPU
		{8672F3ED-2812-475C-8583-3ED4DF80B722}.Release|Any CPU.Build.0 = Release|Any CPU
		{3BFC500C-A585-4C3B-AEFE-8C66E8E5FBF9}.Debug|Any CPU.ActiveCfg = Debug|Any CPU
		{3BFC500C-A585-4C3B-AEFE-8C66E8E5FBF9}.Debug|Any CPU.Build.0 = Debug|Any CPU
		{3BFC500C-A585-4C3B-AEFE-8C66E8E5FBF9}.Release|Any CPU.ActiveCfg = Release|Any CPU
		{3BFC500C-A585-4C3B-AEFE-8C66E8E5FBF9}.Release|Any CPU.Build.0 = Release|Any CPU
		{02BFC892-5269-4093-8677-FC8002E27584}.Debug|Any CPU.ActiveCfg = Debug|Any CPU
		{02BFC892-5269-4093-8677-FC8002E27584}.Debug|Any CPU.Build.0 = Debug|Any CPU
		{02BFC892-5269-4093-8677-FC8002E27584}.Release|Any CPU.ActiveCfg = Release|Any CPU
		{02BFC892-5269-4093-8677-FC8002E27584}.Release|Any CPU.Build.0 = Release|Any CPU
		{990BBECA-5881-44DA-87D9-7E4FC3880945}.Debug|Any CPU.ActiveCfg = Debug|Any CPU
		{990BBECA-5881-44DA-87D9-7E4FC3880945}.Debug|Any CPU.Build.0 = Debug|Any CPU
		{990BBECA-5881-44DA-87D9-7E4FC3880945}.Release|Any CPU.ActiveCfg = Release|Any CPU
		{990BBECA-5881-44DA-87D9-7E4FC3880945}.Release|Any CPU.Build.0 = Release|Any CPU
		{813AFDCF-5B35-4AF1-9CBF-DE4FEA807A9C}.Debug|Any CPU.ActiveCfg = Debug|Any CPU
		{813AFDCF-5B35-4AF1-9CBF-DE4FEA807A9C}.Debug|Any CPU.Build.0 = Debug|Any CPU
		{813AFDCF-5B35-4AF1-9CBF-DE4FEA807A9C}.Release|Any CPU.ActiveCfg = Release|Any CPU
		{813AFDCF-5B35-4AF1-9CBF-DE4FEA807A9C}.Release|Any CPU.Build.0 = Release|Any CPU
		{5A3423D8-0C80-42BC-9772-02C75E7C86C8}.Debug|Any CPU.ActiveCfg = Debug|Any CPU
		{5A3423D8-0C80-42BC-9772-02C75E7C86C8}.Debug|Any CPU.Build.0 = Debug|Any CPU
		{5A3423D8-0C80-42BC-9772-02C75E7C86C8}.Release|Any CPU.ActiveCfg = Release|Any CPU
		{5A3423D8-0C80-42BC-9772-02C75E7C86C8}.Release|Any CPU.Build.0 = Release|Any CPU
		{B1E15A92-749B-4164-AC55-E9C53BDFE448}.Debug|Any CPU.ActiveCfg = Debug|Any CPU
		{B1E15A92-749B-4164-AC55-E9C53BDFE448}.Debug|Any CPU.Build.0 = Debug|Any CPU
		{B1E15A92-749B-4164-AC55-E9C53BDFE448}.Release|Any CPU.ActiveCfg = Release|Any CPU
		{B1E15A92-749B-4164-AC55-E9C53BDFE448}.Release|Any CPU.Build.0 = Release|Any CPU
		{E199A762-71A3-4045-9372-CF7ED65AC6AD}.Debug|Any CPU.ActiveCfg = Debug|Any CPU
		{E199A762-71A3-4045-9372-CF7ED65AC6AD}.Debug|Any CPU.Build.0 = Debug|Any CPU
		{E199A762-71A3-4045-9372-CF7ED65AC6AD}.Release|Any CPU.ActiveCfg = Release|Any CPU
		{E199A762-71A3-4045-9372-CF7ED65AC6AD}.Release|Any CPU.Build.0 = Release|Any CPU
		{B0780F05-2751-4FCA-A82A-A4816CE1BAAD}.Debug|Any CPU.ActiveCfg = Debug|Any CPU
		{B0780F05-2751-4FCA-A82A-A4816CE1BAAD}.Debug|Any CPU.Build.0 = Debug|Any CPU
		{B0780F05-2751-4FCA-A82A-A4816CE1BAAD}.Release|Any CPU.ActiveCfg = Release|Any CPU
		{B0780F05-2751-4FCA-A82A-A4816CE1BAAD}.Release|Any CPU.Build.0 = Release|Any CPU
		{657011C5-3B1B-410A-AA62-F48E29C05B11}.Debug|Any CPU.ActiveCfg = Debug|Any CPU
		{657011C5-3B1B-410A-AA62-F48E29C05B11}.Debug|Any CPU.Build.0 = Debug|Any CPU
		{657011C5-3B1B-410A-AA62-F48E29C05B11}.Release|Any CPU.ActiveCfg = Release|Any CPU
		{657011C5-3B1B-410A-AA62-F48E29C05B11}.Release|Any CPU.Build.0 = Release|Any CPU
		{8A6A0BBB-B106-4DDF-835C-EDC6D15DA414}.Debug|Any CPU.ActiveCfg = Debug|Any CPU
		{8A6A0BBB-B106-4DDF-835C-EDC6D15DA414}.Debug|Any CPU.Build.0 = Debug|Any CPU
		{8A6A0BBB-B106-4DDF-835C-EDC6D15DA414}.Release|Any CPU.ActiveCfg = Release|Any CPU
		{8A6A0BBB-B106-4DDF-835C-EDC6D15DA414}.Release|Any CPU.Build.0 = Release|Any CPU
		{6AE257C8-8B4A-49C0-B0FF-956F4CFCC160}.Debug|Any CPU.ActiveCfg = Debug|Any CPU
		{6AE257C8-8B4A-49C0-B0FF-956F4CFCC160}.Debug|Any CPU.Build.0 = Debug|Any CPU
		{6AE257C8-8B4A-49C0-B0FF-956F4CFCC160}.Release|Any CPU.ActiveCfg = Release|Any CPU
		{6AE257C8-8B4A-49C0-B0FF-956F4CFCC160}.Release|Any CPU.Build.0 = Release|Any CPU
		{C457D13E-FBEC-4B92-99A7-2E488857BD5F}.Debug|Any CPU.ActiveCfg = Debug|Any CPU
		{C457D13E-FBEC-4B92-99A7-2E488857BD5F}.Debug|Any CPU.Build.0 = Debug|Any CPU
		{C457D13E-FBEC-4B92-99A7-2E488857BD5F}.Release|Any CPU.ActiveCfg = Release|Any CPU
		{C457D13E-FBEC-4B92-99A7-2E488857BD5F}.Release|Any CPU.Build.0 = Release|Any CPU
		{1270350A-DB2C-4252-87A1-DADD1E5E5810}.Debug|Any CPU.ActiveCfg = Debug|Any CPU
		{1270350A-DB2C-4252-87A1-DADD1E5E5810}.Debug|Any CPU.Build.0 = Debug|Any CPU
		{1270350A-DB2C-4252-87A1-DADD1E5E5810}.Release|Any CPU.ActiveCfg = Release|Any CPU
		{1270350A-DB2C-4252-87A1-DADD1E5E5810}.Release|Any CPU.Build.0 = Release|Any CPU
		{2E7AAAC5-EABA-483C-8A2A-CF6BEC6F046E}.Debug|Any CPU.ActiveCfg = Debug|Any CPU
		{2E7AAAC5-EABA-483C-8A2A-CF6BEC6F046E}.Debug|Any CPU.Build.0 = Debug|Any CPU
		{2E7AAAC5-EABA-483C-8A2A-CF6BEC6F046E}.Release|Any CPU.ActiveCfg = Release|Any CPU
		{2E7AAAC5-EABA-483C-8A2A-CF6BEC6F046E}.Release|Any CPU.Build.0 = Release|Any CPU
	EndGlobalSection
	GlobalSection(SolutionProperties) = preSolution
		HideSolutionNode = FALSE
	EndGlobalSection
	GlobalSection(NestedProjects) = preSolution
		{99030185-20BA-454D-8D13-B884EEF05BA9} = {BF132317-4069-4308-96A3-21D4A443BCB1}
		{60FE3BB2-1E72-47F1-B83A-6DA80083585F} = {75F8CA5A-0E68-4CB7-B6D0-94A1215946A5}
		{391F1CBC-0FFD-414E-BCD2-9BDE16EA6AEA} = {5B1EAB31-F40B-4C09-B8C4-DAC5C3ACC048}
		{AA24696B-8428-4293-B440-D67C4B4FFD14} = {5B1EAB31-F40B-4C09-B8C4-DAC5C3ACC048}
		{64706FD8-CD85-4EE8-802B-52FBD01B0BF3} = {5B1EAB31-F40B-4C09-B8C4-DAC5C3ACC048}
		{8672F3ED-2812-475C-8583-3ED4DF80B722} = {15F2D360-3D36-4528-B346-F84AABDA15EE}
		{3BFC500C-A585-4C3B-AEFE-8C66E8E5FBF9} = {15F2D360-3D36-4528-B346-F84AABDA15EE}
		{02BFC892-5269-4093-8677-FC8002E27584} = {15F2D360-3D36-4528-B346-F84AABDA15EE}
		{990BBECA-5881-44DA-87D9-7E4FC3880945} = {B2AB7E51-DB5B-4F85-9B5F-85C2FD9E3656}
		{813AFDCF-5B35-4AF1-9CBF-DE4FEA807A9C} = {B2AB7E51-DB5B-4F85-9B5F-85C2FD9E3656}
		{5A3423D8-0C80-42BC-9772-02C75E7C86C8} = {B2AB7E51-DB5B-4F85-9B5F-85C2FD9E3656}
		{B1E15A92-749B-4164-AC55-E9C53BDFE448} = {C367E3C4-2512-43FD-9D7C-E97EFBB95361}
		{E199A762-71A3-4045-9372-CF7ED65AC6AD} = {C367E3C4-2512-43FD-9D7C-E97EFBB95361}
		{B0780F05-2751-4FCA-A82A-A4816CE1BAAD} = {C367E3C4-2512-43FD-9D7C-E97EFBB95361}
		{657011C5-3B1B-410A-AA62-F48E29C05B11} = {54EB0B60-4EA7-4713-9FB5-9F64F531A781}
		{8A6A0BBB-B106-4DDF-835C-EDC6D15DA414} = {54EB0B60-4EA7-4713-9FB5-9F64F531A781}
		{6AE257C8-8B4A-49C0-B0FF-956F4CFCC160} = {54EB0B60-4EA7-4713-9FB5-9F64F531A781}
		{C457D13E-FBEC-4B92-99A7-2E488857BD5F} = {07478114-F479-4D6C-8E42-2218AF40466E}
		{1270350A-DB2C-4252-87A1-DADD1E5E5810} = {07478114-F479-4D6C-8E42-2218AF40466E}
		{2E7AAAC5-EABA-483C-8A2A-CF6BEC6F046E} = {07478114-F479-4D6C-8E42-2218AF40466E}
	EndGlobalSection
	GlobalSection(ExtensibilityGlobals) = postSolution
		SolutionGuid = {6B3AE974-6B14-4790-AD7A-D649C5D6117B}
	EndGlobalSection
EndGlobal
